// !$*UTF8*$!
{
	archiveVersion = 1;
	classes = {
	};
	objectVersion = 54;
	objects = {

/* Begin PBXBuildFile section */
		44CDC43D377AB341DFF46091 /* Pods_GoodFoodTests.framework in Frameworks */ = {isa = PBXBuildFile; fileRef = 802801A122089E275F42E796 /* Pods_GoodFoodTests.framework */; };
		56D92FB4B8A98A95FFC7B4A5 /* Pods_GoodFood_GoodFoodUITests.framework in Frameworks */ = {isa = PBXBuildFile; fileRef = 1668D1DE3562DA2C4512A2D6 /* Pods_GoodFood_GoodFoodUITests.framework */; };
		601DAD6B271F12EE00935800 /* AppDelegate.swift in Sources */ = {isa = PBXBuildFile; fileRef = 601DAD6A271F12EE00935800 /* AppDelegate.swift */; };
		601DAD6D271F12EE00935800 /* SceneDelegate.swift in Sources */ = {isa = PBXBuildFile; fileRef = 601DAD6C271F12EE00935800 /* SceneDelegate.swift */; };
		601DAD6F271F12EE00935800 /* EnterViewController.swift in Sources */ = {isa = PBXBuildFile; fileRef = 601DAD6E271F12EE00935800 /* EnterViewController.swift */; };
		601DAD72271F12EE00935800 /* Main.storyboard in Resources */ = {isa = PBXBuildFile; fileRef = 601DAD70271F12EE00935800 /* Main.storyboard */; };
		601DAD75271F12EE00935800 /* GoodFood.xcdatamodeld in Sources */ = {isa = PBXBuildFile; fileRef = 601DAD73271F12EE00935800 /* GoodFood.xcdatamodeld */; };
		601DAD77271F12F300935800 /* Assets.xcassets in Resources */ = {isa = PBXBuildFile; fileRef = 601DAD76271F12F300935800 /* Assets.xcassets */; };
		601DAD7A271F12F300935800 /* LaunchScreen.storyboard in Resources */ = {isa = PBXBuildFile; fileRef = 601DAD78271F12F300935800 /* LaunchScreen.storyboard */; };
		601DAD85271F12F400935800 /* GoodFoodTests.swift in Sources */ = {isa = PBXBuildFile; fileRef = 601DAD84271F12F400935800 /* GoodFoodTests.swift */; };
		601DAD8F271F12F400935800 /* GoodFoodUITests.swift in Sources */ = {isa = PBXBuildFile; fileRef = 601DAD8E271F12F400935800 /* GoodFoodUITests.swift */; };
		601DAD91271F12F400935800 /* GoodFoodUITestsLaunchTests.swift in Sources */ = {isa = PBXBuildFile; fileRef = 601DAD90271F12F400935800 /* GoodFoodUITestsLaunchTests.swift */; };
		6055D73E273D3CAC00BE4EFB /* SortViewController.swift in Sources */ = {isa = PBXBuildFile; fileRef = 6055D73D273D3CAC00BE4EFB /* SortViewController.swift */; };
		6055D740273D3D0700BE4EFB /* PanelTransition.swift in Sources */ = {isa = PBXBuildFile; fileRef = 6055D73F273D3D0700BE4EFB /* PanelTransition.swift */; };
		6055D742273D40A600BE4EFB /* PresentationController.swift in Sources */ = {isa = PBXBuildFile; fileRef = 6055D741273D40A600BE4EFB /* PresentationController.swift */; };
		6055D74A273DAEE200BE4EFB /* SortCell.swift in Sources */ = {isa = PBXBuildFile; fileRef = 6055D748273DAEE200BE4EFB /* SortCell.swift */; };
		6055D74B273DAEE200BE4EFB /* SortCell.xib in Resources */ = {isa = PBXBuildFile; fileRef = 6055D749273DAEE200BE4EFB /* SortCell.xib */; };
		6055D74D273DB2E400BE4EFB /* SortViewModel.swift in Sources */ = {isa = PBXBuildFile; fileRef = 6055D74C273DB2E400BE4EFB /* SortViewModel.swift */; };
		6055D74F273DB3E700BE4EFB /* ProfileModel.swift in Sources */ = {isa = PBXBuildFile; fileRef = 6055D74E273DB3E700BE4EFB /* ProfileModel.swift */; };
		6055D751273DB3F100BE4EFB /* LikedModel.swift in Sources */ = {isa = PBXBuildFile; fileRef = 6055D750273DB3F100BE4EFB /* LikedModel.swift */; };
		6055D753273DB40D00BE4EFB /* Menu.swift in Sources */ = {isa = PBXBuildFile; fileRef = 6055D752273DB40D00BE4EFB /* Menu.swift */; };
		6055D755273DB42300BE4EFB /* RestorePasswordModel.swift in Sources */ = {isa = PBXBuildFile; fileRef = 6055D754273DB42300BE4EFB /* RestorePasswordModel.swift */; };
		6055D757273DB43A00BE4EFB /* RegistrationModel.swift in Sources */ = {isa = PBXBuildFile; fileRef = 6055D756273DB43A00BE4EFB /* RegistrationModel.swift */; };
		6055D759273DB44A00BE4EFB /* EnterModel.swift in Sources */ = {isa = PBXBuildFile; fileRef = 6055D758273DB44A00BE4EFB /* EnterModel.swift */; };
		6055D75B273E6FF800BE4EFB /* YourRecipesViewController.swift in Sources */ = {isa = PBXBuildFile; fileRef = 6055D75A273E6FF800BE4EFB /* YourRecipesViewController.swift */; };
		6055D75D273E700300BE4EFB /* HistoryViewController.swift in Sources */ = {isa = PBXBuildFile; fileRef = 6055D75C273E700300BE4EFB /* HistoryViewController.swift */; };
		6055D7A3273E9EF600BE4EFB /* ContainerViewController.swift in Sources */ = {isa = PBXBuildFile; fileRef = 6055D7A2273E9EF600BE4EFB /* ContainerViewController.swift */; };
		6055D7A5273E9F0400BE4EFB /* PageViewController.swift in Sources */ = {isa = PBXBuildFile; fileRef = 6055D7A4273E9F0400BE4EFB /* PageViewController.swift */; };
		6055D7A7273EAC1B00BE4EFB /* YourRecipesViewModel.swift in Sources */ = {isa = PBXBuildFile; fileRef = 6055D7A6273EAC1B00BE4EFB /* YourRecipesViewModel.swift */; };
		6055D7A9273EAC3D00BE4EFB /* HistoryViewModel.swift in Sources */ = {isa = PBXBuildFile; fileRef = 6055D7A8273EAC3D00BE4EFB /* HistoryViewModel.swift */; };
		607A75D927468F37007EFD4D /* GoogleService-Info.plist in Resources */ = {isa = PBXBuildFile; fileRef = 607A75D827468F37007EFD4D /* GoogleService-Info.plist */; };
		607A75DE27469330007EFD4D /* AppNetworkManager.swift in Sources */ = {isa = PBXBuildFile; fileRef = 607A75DD27469330007EFD4D /* AppNetworkManager.swift */; };
		607A75E027469364007EFD4D /* AuthNetworkManager.swift in Sources */ = {isa = PBXBuildFile; fileRef = 607A75DF27469364007EFD4D /* AuthNetworkManager.swift */; };
		60D334172747CF69007C2462 /* AuthErrorCode+Extension.swift in Sources */ = {isa = PBXBuildFile; fileRef = 60D334162747CF69007C2462 /* AuthErrorCode+Extension.swift */; };
		60D334192747D464007C2462 /* MainButton.swift in Sources */ = {isa = PBXBuildFile; fileRef = 60D334182747D464007C2462 /* MainButton.swift */; };
		60D3341B2747D701007C2462 /* HelperButton.swift in Sources */ = {isa = PBXBuildFile; fileRef = 60D3341A2747D701007C2462 /* HelperButton.swift */; };
		60D3341D2747E4B7007C2462 /* UIViewController + Extension.swift in Sources */ = {isa = PBXBuildFile; fileRef = 60D3341C2747E4B7007C2462 /* UIViewController + Extension.swift */; };
		60D3341F27483C5D007C2462 /* UIImage + init?.swift in Sources */ = {isa = PBXBuildFile; fileRef = 60D3341E27483C5D007C2462 /* UIImage + init?.swift */; };
		60ECE5D4272AB672006B479A /* RegisterViewController.swift in Sources */ = {isa = PBXBuildFile; fileRef = 60ECE5D3272AB672006B479A /* RegisterViewController.swift */; };
		60ECE5D6272C18D0006B479A /* RestorePasswordViewController.swift in Sources */ = {isa = PBXBuildFile; fileRef = 60ECE5D5272C18D0006B479A /* RestorePasswordViewController.swift */; };
		60ECE5D8272D5486006B479A /* RegistrationProtocol.swift in Sources */ = {isa = PBXBuildFile; fileRef = 60ECE5D7272D5486006B479A /* RegistrationProtocol.swift */; };
		60ECE5DE272D56AB006B479A /* MenuViewController.swift in Sources */ = {isa = PBXBuildFile; fileRef = 60ECE5DD272D56AB006B479A /* MenuViewController.swift */; };
		60ECE5E4272E9999006B479A /* MenuCell.swift in Sources */ = {isa = PBXBuildFile; fileRef = 60ECE5E2272E9999006B479A /* MenuCell.swift */; };
		60ECE5E5272E9999006B479A /* MenuCell.xib in Resources */ = {isa = PBXBuildFile; fileRef = 60ECE5E3272E9999006B479A /* MenuCell.xib */; };
		60ECE5F5272EAC87006B479A /* LikedViewController.swift in Sources */ = {isa = PBXBuildFile; fileRef = 60ECE5F4272EAC87006B479A /* LikedViewController.swift */; };
		60ECE5F7272EAC94006B479A /* ProfileViewController.swift in Sources */ = {isa = PBXBuildFile; fileRef = 60ECE5F6272EAC94006B479A /* ProfileViewController.swift */; };
		60ECE600273067C0006B479A /* GoodFoodCoordinator.swift in Sources */ = {isa = PBXBuildFile; fileRef = 60ECE5FF273067C0006B479A /* GoodFoodCoordinator.swift */; };
		60ECE602273067CC006B479A /* AuthCoordinator.swift in Sources */ = {isa = PBXBuildFile; fileRef = 60ECE601273067CC006B479A /* AuthCoordinator.swift */; };
		60ECE609273178B8006B479A /* EnterViewModel.swift in Sources */ = {isa = PBXBuildFile; fileRef = 60ECE608273178B8006B479A /* EnterViewModel.swift */; };
		60ECE61927380BD1006B479A /* RegisterViewModel.swift in Sources */ = {isa = PBXBuildFile; fileRef = 60ECE61827380BD1006B479A /* RegisterViewModel.swift */; };
		60ECE61B27380E54006B479A /* RestorePasswordViewModel.swift in Sources */ = {isa = PBXBuildFile; fileRef = 60ECE61A27380E54006B479A /* RestorePasswordViewModel.swift */; };
		60ECE61D2738122F006B479A /* MenuViewModel.swift in Sources */ = {isa = PBXBuildFile; fileRef = 60ECE61C2738122F006B479A /* MenuViewModel.swift */; };
		60ECE61F273817BA006B479A /* LikedViewModel.swift in Sources */ = {isa = PBXBuildFile; fileRef = 60ECE61E273817BA006B479A /* LikedViewModel.swift */; };
		60ECE621273817CA006B479A /* ProfileViewModel.swift in Sources */ = {isa = PBXBuildFile; fileRef = 60ECE620273817CA006B479A /* ProfileViewModel.swift */; };
		60F6035E27294BDB00B69B4D /* UITextField+Extension.swift in Sources */ = {isa = PBXBuildFile; fileRef = 60F6035D27294BDB00B69B4D /* UITextField+Extension.swift */; };
		8D6341B7D8665E4E99FF939A /* Pods_GoodFood.framework in Frameworks */ = {isa = PBXBuildFile; fileRef = 4D9D43975B167F094725BC5B /* Pods_GoodFood.framework */; };
/* End PBXBuildFile section */

/* Begin PBXContainerItemProxy section */
		601DAD81271F12F400935800 /* PBXContainerItemProxy */ = {
			isa = PBXContainerItemProxy;
			containerPortal = 601DAD5F271F12EE00935800 /* Project object */;
			proxyType = 1;
			remoteGlobalIDString = 601DAD66271F12EE00935800;
			remoteInfo = GoodFood;
		};
		601DAD8B271F12F400935800 /* PBXContainerItemProxy */ = {
			isa = PBXContainerItemProxy;
			containerPortal = 601DAD5F271F12EE00935800 /* Project object */;
			proxyType = 1;
			remoteGlobalIDString = 601DAD66271F12EE00935800;
			remoteInfo = GoodFood;
		};
/* End PBXContainerItemProxy section */

/* Begin PBXFileReference section */
		0827AA00CEABF4FBC524D32F /* Pods-GoodFoodTests.debug.xcconfig */ = {isa = PBXFileReference; includeInIndex = 1; lastKnownFileType = text.xcconfig; name = "Pods-GoodFoodTests.debug.xcconfig"; path = "Target Support Files/Pods-GoodFoodTests/Pods-GoodFoodTests.debug.xcconfig"; sourceTree = "<group>"; };
		15A55B9550DDADA630F366D6 /* Pods-GoodFood.debug.xcconfig */ = {isa = PBXFileReference; includeInIndex = 1; lastKnownFileType = text.xcconfig; name = "Pods-GoodFood.debug.xcconfig"; path = "Target Support Files/Pods-GoodFood/Pods-GoodFood.debug.xcconfig"; sourceTree = "<group>"; };
		1668D1DE3562DA2C4512A2D6 /* Pods_GoodFood_GoodFoodUITests.framework */ = {isa = PBXFileReference; explicitFileType = wrapper.framework; includeInIndex = 0; path = Pods_GoodFood_GoodFoodUITests.framework; sourceTree = BUILT_PRODUCTS_DIR; };
		2B1A3DC8EBB69219AF715281 /* Pods-GoodFood-GoodFoodUITests.debug.xcconfig */ = {isa = PBXFileReference; includeInIndex = 1; lastKnownFileType = text.xcconfig; name = "Pods-GoodFood-GoodFoodUITests.debug.xcconfig"; path = "Target Support Files/Pods-GoodFood-GoodFoodUITests/Pods-GoodFood-GoodFoodUITests.debug.xcconfig"; sourceTree = "<group>"; };
		4D9D43975B167F094725BC5B /* Pods_GoodFood.framework */ = {isa = PBXFileReference; explicitFileType = wrapper.framework; includeInIndex = 0; path = Pods_GoodFood.framework; sourceTree = BUILT_PRODUCTS_DIR; };
		601DAD67271F12EE00935800 /* GoodFood.app */ = {isa = PBXFileReference; explicitFileType = wrapper.application; includeInIndex = 0; path = GoodFood.app; sourceTree = BUILT_PRODUCTS_DIR; };
		601DAD6A271F12EE00935800 /* AppDelegate.swift */ = {isa = PBXFileReference; lastKnownFileType = sourcecode.swift; path = AppDelegate.swift; sourceTree = "<group>"; };
		601DAD6C271F12EE00935800 /* SceneDelegate.swift */ = {isa = PBXFileReference; lastKnownFileType = sourcecode.swift; path = SceneDelegate.swift; sourceTree = "<group>"; };
		601DAD6E271F12EE00935800 /* EnterViewController.swift */ = {isa = PBXFileReference; lastKnownFileType = sourcecode.swift; path = EnterViewController.swift; sourceTree = "<group>"; };
		601DAD71271F12EE00935800 /* Base */ = {isa = PBXFileReference; lastKnownFileType = file.storyboard; name = Base; path = Base.lproj/Main.storyboard; sourceTree = "<group>"; };
		601DAD74271F12EE00935800 /* GoodFood.xcdatamodel */ = {isa = PBXFileReference; lastKnownFileType = wrapper.xcdatamodel; path = GoodFood.xcdatamodel; sourceTree = "<group>"; };
		601DAD76271F12F300935800 /* Assets.xcassets */ = {isa = PBXFileReference; lastKnownFileType = folder.assetcatalog; name = Assets.xcassets; path = GoodFood/Application/SupportingFiles/Assets.xcassets; sourceTree = SOURCE_ROOT; };
		601DAD79271F12F300935800 /* Base */ = {isa = PBXFileReference; lastKnownFileType = file.storyboard; name = Base; path = Base.lproj/LaunchScreen.storyboard; sourceTree = "<group>"; };
		601DAD7B271F12F300935800 /* Info.plist */ = {isa = PBXFileReference; lastKnownFileType = text.plist.xml; path = Info.plist; sourceTree = "<group>"; };
		601DAD80271F12F300935800 /* GoodFoodTests.xctest */ = {isa = PBXFileReference; explicitFileType = wrapper.cfbundle; includeInIndex = 0; path = GoodFoodTests.xctest; sourceTree = BUILT_PRODUCTS_DIR; };
		601DAD84271F12F400935800 /* GoodFoodTests.swift */ = {isa = PBXFileReference; lastKnownFileType = sourcecode.swift; path = GoodFoodTests.swift; sourceTree = "<group>"; };
		601DAD8A271F12F400935800 /* GoodFoodUITests.xctest */ = {isa = PBXFileReference; explicitFileType = wrapper.cfbundle; includeInIndex = 0; path = GoodFoodUITests.xctest; sourceTree = BUILT_PRODUCTS_DIR; };
		601DAD8E271F12F400935800 /* GoodFoodUITests.swift */ = {isa = PBXFileReference; lastKnownFileType = sourcecode.swift; path = GoodFoodUITests.swift; sourceTree = "<group>"; };
		601DAD90271F12F400935800 /* GoodFoodUITestsLaunchTests.swift */ = {isa = PBXFileReference; lastKnownFileType = sourcecode.swift; path = GoodFoodUITestsLaunchTests.swift; sourceTree = "<group>"; };
		6055D73D273D3CAC00BE4EFB /* SortViewController.swift */ = {isa = PBXFileReference; lastKnownFileType = sourcecode.swift; path = SortViewController.swift; sourceTree = "<group>"; };
		6055D73F273D3D0700BE4EFB /* PanelTransition.swift */ = {isa = PBXFileReference; lastKnownFileType = sourcecode.swift; path = PanelTransition.swift; sourceTree = "<group>"; };
		6055D741273D40A600BE4EFB /* PresentationController.swift */ = {isa = PBXFileReference; lastKnownFileType = sourcecode.swift; path = PresentationController.swift; sourceTree = "<group>"; };
		6055D748273DAEE200BE4EFB /* SortCell.swift */ = {isa = PBXFileReference; lastKnownFileType = sourcecode.swift; path = SortCell.swift; sourceTree = "<group>"; };
		6055D749273DAEE200BE4EFB /* SortCell.xib */ = {isa = PBXFileReference; lastKnownFileType = file.xib; path = SortCell.xib; sourceTree = "<group>"; };
		6055D74C273DB2E400BE4EFB /* SortViewModel.swift */ = {isa = PBXFileReference; lastKnownFileType = sourcecode.swift; path = SortViewModel.swift; sourceTree = "<group>"; };
		6055D74E273DB3E700BE4EFB /* ProfileModel.swift */ = {isa = PBXFileReference; lastKnownFileType = sourcecode.swift; name = ProfileModel.swift; path = GoodFood/MenuScreen/ViewModel/ProfileModel.swift; sourceTree = SOURCE_ROOT; };
		6055D750273DB3F100BE4EFB /* LikedModel.swift */ = {isa = PBXFileReference; lastKnownFileType = sourcecode.swift; name = LikedModel.swift; path = GoodFood/MenuScreen/ViewModel/LikedModel.swift; sourceTree = SOURCE_ROOT; };
		6055D752273DB40D00BE4EFB /* Menu.swift */ = {isa = PBXFileReference; lastKnownFileType = sourcecode.swift; name = Menu.swift; path = GoodFood/MenuScreen/ViewModel/Menu.swift; sourceTree = SOURCE_ROOT; };
		6055D754273DB42300BE4EFB /* RestorePasswordModel.swift */ = {isa = PBXFileReference; lastKnownFileType = sourcecode.swift; name = RestorePasswordModel.swift; path = GoodFood/MenuScreen/ViewModel/RestorePasswordModel.swift; sourceTree = SOURCE_ROOT; };
		6055D756273DB43A00BE4EFB /* RegistrationModel.swift */ = {isa = PBXFileReference; lastKnownFileType = sourcecode.swift; name = RegistrationModel.swift; path = GoodFood/MenuScreen/ViewModel/RegistrationModel.swift; sourceTree = SOURCE_ROOT; };
		6055D758273DB44A00BE4EFB /* EnterModel.swift */ = {isa = PBXFileReference; lastKnownFileType = sourcecode.swift; name = EnterModel.swift; path = GoodFood/MenuScreen/ViewModel/EnterModel.swift; sourceTree = SOURCE_ROOT; };
		6055D75A273E6FF800BE4EFB /* YourRecipesViewController.swift */ = {isa = PBXFileReference; lastKnownFileType = sourcecode.swift; path = YourRecipesViewController.swift; sourceTree = "<group>"; };
		6055D75C273E700300BE4EFB /* HistoryViewController.swift */ = {isa = PBXFileReference; lastKnownFileType = sourcecode.swift; path = HistoryViewController.swift; sourceTree = "<group>"; };
		6055D7A2273E9EF600BE4EFB /* ContainerViewController.swift */ = {isa = PBXFileReference; lastKnownFileType = sourcecode.swift; path = ContainerViewController.swift; sourceTree = "<group>"; };
		6055D7A4273E9F0400BE4EFB /* PageViewController.swift */ = {isa = PBXFileReference; lastKnownFileType = sourcecode.swift; path = PageViewController.swift; sourceTree = "<group>"; };
		6055D7A6273EAC1B00BE4EFB /* YourRecipesViewModel.swift */ = {isa = PBXFileReference; lastKnownFileType = sourcecode.swift; path = YourRecipesViewModel.swift; sourceTree = "<group>"; };
		6055D7A8273EAC3D00BE4EFB /* HistoryViewModel.swift */ = {isa = PBXFileReference; lastKnownFileType = sourcecode.swift; path = HistoryViewModel.swift; sourceTree = "<group>"; };
		607A75D827468F37007EFD4D /* GoogleService-Info.plist */ = {isa = PBXFileReference; fileEncoding = 4; lastKnownFileType = text.plist.xml; path = "GoogleService-Info.plist"; sourceTree = "<group>"; };
		607A75DD27469330007EFD4D /* AppNetworkManager.swift */ = {isa = PBXFileReference; lastKnownFileType = sourcecode.swift; path = AppNetworkManager.swift; sourceTree = "<group>"; };
		607A75DF27469364007EFD4D /* AuthNetworkManager.swift */ = {isa = PBXFileReference; lastKnownFileType = sourcecode.swift; path = AuthNetworkManager.swift; sourceTree = "<group>"; };
		60D334162747CF69007C2462 /* AuthErrorCode+Extension.swift */ = {isa = PBXFileReference; lastKnownFileType = sourcecode.swift; path = "AuthErrorCode+Extension.swift"; sourceTree = "<group>"; };
		60D334182747D464007C2462 /* MainButton.swift */ = {isa = PBXFileReference; lastKnownFileType = sourcecode.swift; path = MainButton.swift; sourceTree = "<group>"; };
		60D3341A2747D701007C2462 /* HelperButton.swift */ = {isa = PBXFileReference; lastKnownFileType = sourcecode.swift; path = HelperButton.swift; sourceTree = "<group>"; };
		60D3341C2747E4B7007C2462 /* UIViewController + Extension.swift */ = {isa = PBXFileReference; lastKnownFileType = sourcecode.swift; path = "UIViewController + Extension.swift"; sourceTree = "<group>"; };
		60D3341E27483C5D007C2462 /* UIImage + init?.swift */ = {isa = PBXFileReference; lastKnownFileType = sourcecode.swift; path = "UIImage + init?.swift"; sourceTree = "<group>"; };
		60ECE5D3272AB672006B479A /* RegisterViewController.swift */ = {isa = PBXFileReference; lastKnownFileType = sourcecode.swift; path = RegisterViewController.swift; sourceTree = "<group>"; };
		60ECE5D5272C18D0006B479A /* RestorePasswordViewController.swift */ = {isa = PBXFileReference; lastKnownFileType = sourcecode.swift; path = RestorePasswordViewController.swift; sourceTree = "<group>"; };
		60ECE5D7272D5486006B479A /* RegistrationProtocol.swift */ = {isa = PBXFileReference; lastKnownFileType = sourcecode.swift; path = RegistrationProtocol.swift; sourceTree = "<group>"; };
		60ECE5DD272D56AB006B479A /* MenuViewController.swift */ = {isa = PBXFileReference; lastKnownFileType = sourcecode.swift; path = MenuViewController.swift; sourceTree = "<group>"; };
		60ECE5E2272E9999006B479A /* MenuCell.swift */ = {isa = PBXFileReference; lastKnownFileType = sourcecode.swift; path = MenuCell.swift; sourceTree = "<group>"; };
		60ECE5E3272E9999006B479A /* MenuCell.xib */ = {isa = PBXFileReference; lastKnownFileType = file.xib; path = MenuCell.xib; sourceTree = "<group>"; };
		60ECE5F4272EAC87006B479A /* LikedViewController.swift */ = {isa = PBXFileReference; lastKnownFileType = sourcecode.swift; path = LikedViewController.swift; sourceTree = "<group>"; };
		60ECE5F6272EAC94006B479A /* ProfileViewController.swift */ = {isa = PBXFileReference; lastKnownFileType = sourcecode.swift; path = ProfileViewController.swift; sourceTree = "<group>"; };
		60ECE5FF273067C0006B479A /* GoodFoodCoordinator.swift */ = {isa = PBXFileReference; lastKnownFileType = sourcecode.swift; path = GoodFoodCoordinator.swift; sourceTree = "<group>"; };
		60ECE601273067CC006B479A /* AuthCoordinator.swift */ = {isa = PBXFileReference; lastKnownFileType = sourcecode.swift; path = AuthCoordinator.swift; sourceTree = "<group>"; };
		60ECE608273178B8006B479A /* EnterViewModel.swift */ = {isa = PBXFileReference; lastKnownFileType = sourcecode.swift; path = EnterViewModel.swift; sourceTree = "<group>"; };
		60ECE61827380BD1006B479A /* RegisterViewModel.swift */ = {isa = PBXFileReference; lastKnownFileType = sourcecode.swift; path = RegisterViewModel.swift; sourceTree = "<group>"; };
		60ECE61A27380E54006B479A /* RestorePasswordViewModel.swift */ = {isa = PBXFileReference; lastKnownFileType = sourcecode.swift; path = RestorePasswordViewModel.swift; sourceTree = "<group>"; };
		60ECE61C2738122F006B479A /* MenuViewModel.swift */ = {isa = PBXFileReference; lastKnownFileType = sourcecode.swift; path = MenuViewModel.swift; sourceTree = "<group>"; };
		60ECE61E273817BA006B479A /* LikedViewModel.swift */ = {isa = PBXFileReference; lastKnownFileType = sourcecode.swift; path = LikedViewModel.swift; sourceTree = "<group>"; };
		60ECE620273817CA006B479A /* ProfileViewModel.swift */ = {isa = PBXFileReference; lastKnownFileType = sourcecode.swift; name = ProfileViewModel.swift; path = GoodFood/LikedScreen/ViewModel/ProfileViewModel.swift; sourceTree = SOURCE_ROOT; };
		60F6035D27294BDB00B69B4D /* UITextField+Extension.swift */ = {isa = PBXFileReference; lastKnownFileType = sourcecode.swift; path = "UITextField+Extension.swift"; sourceTree = "<group>"; };
		610DC6D0127F8147AA3DF746 /* Pods-GoodFood-GoodFoodUITests.release.xcconfig */ = {isa = PBXFileReference; includeInIndex = 1; lastKnownFileType = text.xcconfig; name = "Pods-GoodFood-GoodFoodUITests.release.xcconfig"; path = "Target Support Files/Pods-GoodFood-GoodFoodUITests/Pods-GoodFood-GoodFoodUITests.release.xcconfig"; sourceTree = "<group>"; };
		802801A122089E275F42E796 /* Pods_GoodFoodTests.framework */ = {isa = PBXFileReference; explicitFileType = wrapper.framework; includeInIndex = 0; path = Pods_GoodFoodTests.framework; sourceTree = BUILT_PRODUCTS_DIR; };
		C4A891CAAC62AC12BB23BDAD /* Pods-GoodFoodTests.release.xcconfig */ = {isa = PBXFileReference; includeInIndex = 1; lastKnownFileType = text.xcconfig; name = "Pods-GoodFoodTests.release.xcconfig"; path = "Target Support Files/Pods-GoodFoodTests/Pods-GoodFoodTests.release.xcconfig"; sourceTree = "<group>"; };
		ED876487BD6097F93B95FB7B /* Pods-GoodFood.release.xcconfig */ = {isa = PBXFileReference; includeInIndex = 1; lastKnownFileType = text.xcconfig; name = "Pods-GoodFood.release.xcconfig"; path = "Target Support Files/Pods-GoodFood/Pods-GoodFood.release.xcconfig"; sourceTree = "<group>"; };
/* End PBXFileReference section */

/* Begin PBXFrameworksBuildPhase section */
		601DAD64271F12EE00935800 /* Frameworks */ = {
			isa = PBXFrameworksBuildPhase;
			buildActionMask = 2147483647;
			files = (
				8D6341B7D8665E4E99FF939A /* Pods_GoodFood.framework in Frameworks */,
			);
			runOnlyForDeploymentPostprocessing = 0;
		};
		601DAD7D271F12F300935800 /* Frameworks */ = {
			isa = PBXFrameworksBuildPhase;
			buildActionMask = 2147483647;
			files = (
				44CDC43D377AB341DFF46091 /* Pods_GoodFoodTests.framework in Frameworks */,
			);
			runOnlyForDeploymentPostprocessing = 0;
		};
		601DAD87271F12F400935800 /* Frameworks */ = {
			isa = PBXFrameworksBuildPhase;
			buildActionMask = 2147483647;
			files = (
				56D92FB4B8A98A95FFC7B4A5 /* Pods_GoodFood_GoodFoodUITests.framework in Frameworks */,
			);
			runOnlyForDeploymentPostprocessing = 0;
		};
/* End PBXFrameworksBuildPhase section */

/* Begin PBXGroup section */
		601DAD5E271F12EE00935800 = {
			isa = PBXGroup;
			children = (
				601DAD69271F12EE00935800 /* GoodFood */,
				601DAD83271F12F400935800 /* GoodFoodTests */,
				601DAD8D271F12F400935800 /* GoodFoodUITests */,
				601DAD68271F12EE00935800 /* Products */,
				C971FBBD07AB4181440F4829 /* Pods */,
				8F20D762DAA6B9BF7B278D95 /* Frameworks */,
			);
			sourceTree = "<group>";
		};
		601DAD68271F12EE00935800 /* Products */ = {
			isa = PBXGroup;
			children = (
				601DAD67271F12EE00935800 /* GoodFood.app */,
				601DAD80271F12F300935800 /* GoodFoodTests.xctest */,
				601DAD8A271F12F400935800 /* GoodFoodUITests.xctest */,
			);
			name = Products;
			sourceTree = "<group>";
		};
		601DAD69271F12EE00935800 /* GoodFood */ = {
			isa = PBXGroup;
			children = (
				60F6034B272858C000B69B4D /* Application */,
				60F6034C272858CA00B69B4D /* EnterScreen */,
				60F6034D272858D200B69B4D /* RegisterScreen */,
				60F6034E272858DD00B69B4D /* RestorePasswordScreen */,
				60ECE5D9272D567B006B479A /* MenuScreen */,
				60ECE5ED272EAC0A006B479A /* LikedScreen */,
				60ECE5EC272EABFF006B479A /* ProfileScreen */,
			);
			path = GoodFood;
			sourceTree = "<group>";
		};
		601DAD83271F12F400935800 /* GoodFoodTests */ = {
			isa = PBXGroup;
			children = (
				601DAD84271F12F400935800 /* GoodFoodTests.swift */,
			);
			path = GoodFoodTests;
			sourceTree = "<group>";
		};
		601DAD8D271F12F400935800 /* GoodFoodUITests */ = {
			isa = PBXGroup;
			children = (
				601DAD8E271F12F400935800 /* GoodFoodUITests.swift */,
				601DAD90271F12F400935800 /* GoodFoodUITestsLaunchTests.swift */,
			);
			path = GoodFoodUITests;
			sourceTree = "<group>";
		};
		6055D73C273D3C8600BE4EFB /* Animating */ = {
			isa = PBXGroup;
			children = (
				6055D73F273D3D0700BE4EFB /* PanelTransition.swift */,
				6055D741273D40A600BE4EFB /* PresentationController.swift */,
			);
			path = Animating;
			sourceTree = "<group>";
		};
		6055D743273DAD8E00BE4EFB /* SortCell */ = {
			isa = PBXGroup;
			children = (
				6055D748273DAEE200BE4EFB /* SortCell.swift */,
				6055D749273DAEE200BE4EFB /* SortCell.xib */,
			);
			path = SortCell;
			sourceTree = "<group>";
		};
		607A75DA274692FC007EFD4D /* NetworkManagers */ = {
			isa = PBXGroup;
			children = (
				607A75DC2746931D007EFD4D /* AppNetworkManager */,
				607A75DB27469312007EFD4D /* AuthNetworkManager */,
			);
			path = NetworkManagers;
			sourceTree = "<group>";
		};
		607A75DB27469312007EFD4D /* AuthNetworkManager */ = {
			isa = PBXGroup;
			children = (
				607A75DF27469364007EFD4D /* AuthNetworkManager.swift */,
			);
			path = AuthNetworkManager;
			sourceTree = "<group>";
		};
		607A75DC2746931D007EFD4D /* AppNetworkManager */ = {
			isa = PBXGroup;
			children = (
				607A75DD27469330007EFD4D /* AppNetworkManager.swift */,
			);
			path = AppNetworkManager;
			sourceTree = "<group>";
		};
		60ECE5D9272D567B006B479A /* MenuScreen */ = {
			isa = PBXGroup;
			children = (
				60ECE5DC272D5696006B479A /* Model */,
				60ECE5DB272D5690006B479A /* View */,
				60ECE5DA272D568A006B479A /* ViewModel */,
			);
			path = MenuScreen;
			sourceTree = "<group>";
		};
		60ECE5DA272D568A006B479A /* ViewModel */ = {
			isa = PBXGroup;
			children = (
				60ECE61C2738122F006B479A /* MenuViewModel.swift */,
				6055D74C273DB2E400BE4EFB /* SortViewModel.swift */,
			);
			path = ViewModel;
			sourceTree = "<group>";
		};
		60ECE5DB272D5690006B479A /* View */ = {
			isa = PBXGroup;
			children = (
				6055D743273DAD8E00BE4EFB /* SortCell */,
				6055D73C273D3C8600BE4EFB /* Animating */,
				60ECE5E1272E9970006B479A /* MenuCell */,
				60ECE5DD272D56AB006B479A /* MenuViewController.swift */,
				6055D73D273D3CAC00BE4EFB /* SortViewController.swift */,
			);
			path = View;
			sourceTree = "<group>";
		};
		60ECE5DC272D5696006B479A /* Model */ = {
			isa = PBXGroup;
			children = (
				6055D752273DB40D00BE4EFB /* Menu.swift */,
			);
			path = Model;
			sourceTree = "<group>";
		};
		60ECE5E1272E9970006B479A /* MenuCell */ = {
			isa = PBXGroup;
			children = (
				60ECE5E2272E9999006B479A /* MenuCell.swift */,
				60ECE5E3272E9999006B479A /* MenuCell.xib */,
			);
			path = MenuCell;
			sourceTree = "<group>";
		};
		60ECE5EC272EABFF006B479A /* ProfileScreen */ = {
			isa = PBXGroup;
			children = (
				60ECE5F3272EAC6A006B479A /* Model */,
				60ECE5F2272EAC65006B479A /* View */,
				60ECE5F1272EAC60006B479A /* ViewModel */,
			);
			path = ProfileScreen;
			sourceTree = "<group>";
		};
		60ECE5ED272EAC0A006B479A /* LikedScreen */ = {
			isa = PBXGroup;
			children = (
				60ECE5EE272EAC3A006B479A /* Model */,
				60ECE5EF272EAC3E006B479A /* View */,
				60ECE5F0272EAC4F006B479A /* ViewModel */,
			);
			path = LikedScreen;
			sourceTree = "<group>";
		};
		60ECE5EE272EAC3A006B479A /* Model */ = {
			isa = PBXGroup;
			children = (
				6055D750273DB3F100BE4EFB /* LikedModel.swift */,
			);
			path = Model;
			sourceTree = "<group>";
		};
		60ECE5EF272EAC3E006B479A /* View */ = {
			isa = PBXGroup;
			children = (
				6055D7A2273E9EF600BE4EFB /* ContainerViewController.swift */,
				6055D7A4273E9F0400BE4EFB /* PageViewController.swift */,
				60ECE5F4272EAC87006B479A /* LikedViewController.swift */,
				6055D75A273E6FF800BE4EFB /* YourRecipesViewController.swift */,
				6055D75C273E700300BE4EFB /* HistoryViewController.swift */,
			);
			path = View;
			sourceTree = "<group>";
		};
		60ECE5F0272EAC4F006B479A /* ViewModel */ = {
			isa = PBXGroup;
			children = (
				60ECE61E273817BA006B479A /* LikedViewModel.swift */,
				6055D7A6273EAC1B00BE4EFB /* YourRecipesViewModel.swift */,
				6055D7A8273EAC3D00BE4EFB /* HistoryViewModel.swift */,
			);
			path = ViewModel;
			sourceTree = "<group>";
		};
		60ECE5F1272EAC60006B479A /* ViewModel */ = {
			isa = PBXGroup;
			children = (
				60ECE620273817CA006B479A /* ProfileViewModel.swift */,
			);
			path = ViewModel;
			sourceTree = "<group>";
		};
		60ECE5F2272EAC65006B479A /* View */ = {
			isa = PBXGroup;
			children = (
				60ECE5F6272EAC94006B479A /* ProfileViewController.swift */,
			);
			path = View;
			sourceTree = "<group>";
		};
		60ECE5F3272EAC6A006B479A /* Model */ = {
			isa = PBXGroup;
			children = (
				6055D74E273DB3E700BE4EFB /* ProfileModel.swift */,
			);
			path = Model;
			sourceTree = "<group>";
		};
		60ECE5F827306291006B479A /* AppCoordinator */ = {
			isa = PBXGroup;
			children = (
				60ECE5FA273062C2006B479A /* GoodFoodCoordinator */,
				60ECE5F9273062B8006B479A /* AuthCoordinator */,
			);
			path = AppCoordinator;
			sourceTree = "<group>";
		};
		60ECE5F9273062B8006B479A /* AuthCoordinator */ = {
			isa = PBXGroup;
			children = (
				60ECE601273067CC006B479A /* AuthCoordinator.swift */,
			);
			path = AuthCoordinator;
			sourceTree = "<group>";
		};
		60ECE5FA273062C2006B479A /* GoodFoodCoordinator */ = {
			isa = PBXGroup;
			children = (
				60ECE5FF273067C0006B479A /* GoodFoodCoordinator.swift */,
			);
			path = GoodFoodCoordinator;
			sourceTree = "<group>";
		};
		60F6034B272858C000B69B4D /* Application */ = {
			isa = PBXGroup;
			children = (
				607A75DA274692FC007EFD4D /* NetworkManagers */,
				60ECE5F827306291006B479A /* AppCoordinator */,
				60F6035C2729493800B69B4D /* Extensions */,
				60F603522728599100B69B4D /* Delegates */,
				60F603512728598700B69B4D /* CoreData */,
				60F603502728597900B69B4D /* Storyboards */,
				60F6034F2728596F00B69B4D /* SupportingFiles */,
			);
			path = Application;
			sourceTree = "<group>";
		};
		60F6034C272858CA00B69B4D /* EnterScreen */ = {
			isa = PBXGroup;
			children = (
				60F6035527285A0C00B69B4D /* Model */,
				60F6035427285A0600B69B4D /* View */,
				60F60353272859FF00B69B4D /* ViewModel */,
			);
			path = EnterScreen;
			sourceTree = "<group>";
		};
		60F6034D272858D200B69B4D /* RegisterScreen */ = {
			isa = PBXGroup;
			children = (
				60F6035827285A3300B69B4D /* Model */,
				60F6035727285A2A00B69B4D /* View */,
				60F6035627285A2100B69B4D /* ViewModel */,
			);
			path = RegisterScreen;
			sourceTree = "<group>";
		};
		60F6034E272858DD00B69B4D /* RestorePasswordScreen */ = {
			isa = PBXGroup;
			children = (
				60F6035B27285A4900B69B4D /* Model */,
				60F6035A27285A4400B69B4D /* View */,
				60F6035927285A3D00B69B4D /* ViewModel */,
			);
			path = RestorePasswordScreen;
			sourceTree = "<group>";
		};
		60F6034F2728596F00B69B4D /* SupportingFiles */ = {
			isa = PBXGroup;
			children = (
				601DAD76271F12F300935800 /* Assets.xcassets */,
				607A75D827468F37007EFD4D /* GoogleService-Info.plist */,
				601DAD7B271F12F300935800 /* Info.plist */,
			);
			path = SupportingFiles;
			sourceTree = "<group>";
		};
		60F603502728597900B69B4D /* Storyboards */ = {
			isa = PBXGroup;
			children = (
				601DAD70271F12EE00935800 /* Main.storyboard */,
				601DAD78271F12F300935800 /* LaunchScreen.storyboard */,
			);
			path = Storyboards;
			sourceTree = "<group>";
		};
		60F603512728598700B69B4D /* CoreData */ = {
			isa = PBXGroup;
			children = (
				601DAD73271F12EE00935800 /* GoodFood.xcdatamodeld */,
			);
			path = CoreData;
			sourceTree = "<group>";
		};
		60F603522728599100B69B4D /* Delegates */ = {
			isa = PBXGroup;
			children = (
				601DAD6A271F12EE00935800 /* AppDelegate.swift */,
				601DAD6C271F12EE00935800 /* SceneDelegate.swift */,
			);
			path = Delegates;
			sourceTree = "<group>";
		};
		60F60353272859FF00B69B4D /* ViewModel */ = {
			isa = PBXGroup;
			children = (
				60ECE608273178B8006B479A /* EnterViewModel.swift */,
			);
			path = ViewModel;
			sourceTree = "<group>";
		};
		60F6035427285A0600B69B4D /* View */ = {
			isa = PBXGroup;
			children = (
				601DAD6E271F12EE00935800 /* EnterViewController.swift */,
				60D334182747D464007C2462 /* MainButton.swift */,
				60D3341A2747D701007C2462 /* HelperButton.swift */,
			);
			path = View;
			sourceTree = "<group>";
		};
		60F6035527285A0C00B69B4D /* Model */ = {
			isa = PBXGroup;
			children = (
				6055D758273DB44A00BE4EFB /* EnterModel.swift */,
			);
			path = Model;
			sourceTree = "<group>";
		};
		60F6035627285A2100B69B4D /* ViewModel */ = {
			isa = PBXGroup;
			children = (
				60ECE61827380BD1006B479A /* RegisterViewModel.swift */,
			);
			path = ViewModel;
			sourceTree = "<group>";
		};
		60F6035727285A2A00B69B4D /* View */ = {
			isa = PBXGroup;
			children = (
				60ECE5D3272AB672006B479A /* RegisterViewController.swift */,
			);
			path = View;
			sourceTree = "<group>";
		};
		60F6035827285A3300B69B4D /* Model */ = {
			isa = PBXGroup;
			children = (
				6055D756273DB43A00BE4EFB /* RegistrationModel.swift */,
			);
			path = Model;
			sourceTree = "<group>";
		};
		60F6035927285A3D00B69B4D /* ViewModel */ = {
			isa = PBXGroup;
			children = (
				60ECE61A27380E54006B479A /* RestorePasswordViewModel.swift */,
			);
			path = ViewModel;
			sourceTree = "<group>";
		};
		60F6035A27285A4400B69B4D /* View */ = {
			isa = PBXGroup;
			children = (
				60ECE5D5272C18D0006B479A /* RestorePasswordViewController.swift */,
			);
			path = View;
			sourceTree = "<group>";
		};
		60F6035B27285A4900B69B4D /* Model */ = {
			isa = PBXGroup;
			children = (
				6055D754273DB42300BE4EFB /* RestorePasswordModel.swift */,
			);
			path = Model;
			sourceTree = "<group>";
		};
		60F6035C2729493800B69B4D /* Extensions */ = {
			isa = PBXGroup;
			children = (
				60F6035D27294BDB00B69B4D /* UITextField+Extension.swift */,
				60ECE5D7272D5486006B479A /* RegistrationProtocol.swift */,
				60D334162747CF69007C2462 /* AuthErrorCode+Extension.swift */,
				60D3341C2747E4B7007C2462 /* UIViewController + Extension.swift */,
				60D3341E27483C5D007C2462 /* UIImage + init?.swift */,
			);
			path = Extensions;
			sourceTree = "<group>";
		};
		8F20D762DAA6B9BF7B278D95 /* Frameworks */ = {
			isa = PBXGroup;
			children = (
				4D9D43975B167F094725BC5B /* Pods_GoodFood.framework */,
				1668D1DE3562DA2C4512A2D6 /* Pods_GoodFood_GoodFoodUITests.framework */,
				802801A122089E275F42E796 /* Pods_GoodFoodTests.framework */,
			);
			name = Frameworks;
			sourceTree = "<group>";
		};
		C971FBBD07AB4181440F4829 /* Pods */ = {
			isa = PBXGroup;
			children = (
				15A55B9550DDADA630F366D6 /* Pods-GoodFood.debug.xcconfig */,
				ED876487BD6097F93B95FB7B /* Pods-GoodFood.release.xcconfig */,
				2B1A3DC8EBB69219AF715281 /* Pods-GoodFood-GoodFoodUITests.debug.xcconfig */,
				610DC6D0127F8147AA3DF746 /* Pods-GoodFood-GoodFoodUITests.release.xcconfig */,
				0827AA00CEABF4FBC524D32F /* Pods-GoodFoodTests.debug.xcconfig */,
				C4A891CAAC62AC12BB23BDAD /* Pods-GoodFoodTests.release.xcconfig */,
			);
			path = Pods;
			sourceTree = "<group>";
		};
/* End PBXGroup section */

/* Begin PBXNativeTarget section */
		601DAD66271F12EE00935800 /* GoodFood */ = {
			isa = PBXNativeTarget;
			buildConfigurationList = 601DAD94271F12F400935800 /* Build configuration list for PBXNativeTarget "GoodFood" */;
			buildPhases = (
				243F2FA22426F29DB1F16C02 /* [CP] Check Pods Manifest.lock */,
				601DAD63271F12EE00935800 /* Sources */,
				601DAD64271F12EE00935800 /* Frameworks */,
				601DAD65271F12EE00935800 /* Resources */,
				7E65625AFCDB5E00AE74FB4A /* [CP] Embed Pods Frameworks */,
			);
			buildRules = (
			);
			dependencies = (
			);
			name = GoodFood;
			productName = GoodFood;
			productReference = 601DAD67271F12EE00935800 /* GoodFood.app */;
			productType = "com.apple.product-type.application";
		};
		601DAD7F271F12F300935800 /* GoodFoodTests */ = {
			isa = PBXNativeTarget;
			buildConfigurationList = 601DAD97271F12F400935800 /* Build configuration list for PBXNativeTarget "GoodFoodTests" */;
			buildPhases = (
				F21DC2FB379C3763FFDA03F2 /* [CP] Check Pods Manifest.lock */,
				601DAD7C271F12F300935800 /* Sources */,
				601DAD7D271F12F300935800 /* Frameworks */,
				601DAD7E271F12F300935800 /* Resources */,
			);
			buildRules = (
			);
			dependencies = (
				601DAD82271F12F400935800 /* PBXTargetDependency */,
			);
			name = GoodFoodTests;
			productName = GoodFoodTests;
			productReference = 601DAD80271F12F300935800 /* GoodFoodTests.xctest */;
			productType = "com.apple.product-type.bundle.unit-test";
		};
		601DAD89271F12F400935800 /* GoodFoodUITests */ = {
			isa = PBXNativeTarget;
			buildConfigurationList = 601DAD9A271F12F400935800 /* Build configuration list for PBXNativeTarget "GoodFoodUITests" */;
			buildPhases = (
				5C7A0E45366AD464EE815B8E /* [CP] Check Pods Manifest.lock */,
				601DAD86271F12F400935800 /* Sources */,
				601DAD87271F12F400935800 /* Frameworks */,
				601DAD88271F12F400935800 /* Resources */,
				919245FCE003C4B3C5653909 /* [CP] Embed Pods Frameworks */,
			);
			buildRules = (
			);
			dependencies = (
				601DAD8C271F12F400935800 /* PBXTargetDependency */,
			);
			name = GoodFoodUITests;
			productName = GoodFoodUITests;
			productReference = 601DAD8A271F12F400935800 /* GoodFoodUITests.xctest */;
			productType = "com.apple.product-type.bundle.ui-testing";
		};
/* End PBXNativeTarget section */

/* Begin PBXProject section */
		601DAD5F271F12EE00935800 /* Project object */ = {
			isa = PBXProject;
			attributes = {
				BuildIndependentTargetsInParallel = 1;
				LastSwiftUpdateCheck = 1300;
				LastUpgradeCheck = 1300;
				TargetAttributes = {
					601DAD66271F12EE00935800 = {
						CreatedOnToolsVersion = 13.0;
					};
					601DAD7F271F12F300935800 = {
						CreatedOnToolsVersion = 13.0;
						TestTargetID = 601DAD66271F12EE00935800;
					};
					601DAD89271F12F400935800 = {
						CreatedOnToolsVersion = 13.0;
						TestTargetID = 601DAD66271F12EE00935800;
					};
				};
			};
			buildConfigurationList = 601DAD62271F12EE00935800 /* Build configuration list for PBXProject "GoodFood" */;
			compatibilityVersion = "Xcode 12.0";
			developmentRegion = en;
			hasScannedForEncodings = 0;
			knownRegions = (
				en,
				Base,
			);
			mainGroup = 601DAD5E271F12EE00935800;
			productRefGroup = 601DAD68271F12EE00935800 /* Products */;
			projectDirPath = "";
			projectRoot = "";
			targets = (
				601DAD66271F12EE00935800 /* GoodFood */,
				601DAD7F271F12F300935800 /* GoodFoodTests */,
				601DAD89271F12F400935800 /* GoodFoodUITests */,
			);
		};
/* End PBXProject section */

/* Begin PBXResourcesBuildPhase section */
		601DAD65271F12EE00935800 /* Resources */ = {
			isa = PBXResourcesBuildPhase;
			buildActionMask = 2147483647;
			files = (
				601DAD7A271F12F300935800 /* LaunchScreen.storyboard in Resources */,
				601DAD77271F12F300935800 /* Assets.xcassets in Resources */,
				60ECE5E5272E9999006B479A /* MenuCell.xib in Resources */,
				6055D74B273DAEE200BE4EFB /* SortCell.xib in Resources */,
				601DAD72271F12EE00935800 /* Main.storyboard in Resources */,
				607A75D927468F37007EFD4D /* GoogleService-Info.plist in Resources */,
			);
			runOnlyForDeploymentPostprocessing = 0;
		};
		601DAD7E271F12F300935800 /* Resources */ = {
			isa = PBXResourcesBuildPhase;
			buildActionMask = 2147483647;
			files = (
			);
			runOnlyForDeploymentPostprocessing = 0;
		};
		601DAD88271F12F400935800 /* Resources */ = {
			isa = PBXResourcesBuildPhase;
			buildActionMask = 2147483647;
			files = (
			);
			runOnlyForDeploymentPostprocessing = 0;
		};
/* End PBXResourcesBuildPhase section */

/* Begin PBXShellScriptBuildPhase section */
		243F2FA22426F29DB1F16C02 /* [CP] Check Pods Manifest.lock */ = {
			isa = PBXShellScriptBuildPhase;
			buildActionMask = 2147483647;
			files = (
			);
			inputFileListPaths = (
			);
			inputPaths = (
				"${PODS_PODFILE_DIR_PATH}/Podfile.lock",
				"${PODS_ROOT}/Manifest.lock",
			);
			name = "[CP] Check Pods Manifest.lock";
			outputFileListPaths = (
			);
			outputPaths = (
				"$(DERIVED_FILE_DIR)/Pods-GoodFood-checkManifestLockResult.txt",
			);
			runOnlyForDeploymentPostprocessing = 0;
			shellPath = /bin/sh;
			shellScript = "diff \"${PODS_PODFILE_DIR_PATH}/Podfile.lock\" \"${PODS_ROOT}/Manifest.lock\" > /dev/null\nif [ $? != 0 ] ; then\n    # print error to STDERR\n    echo \"error: The sandbox is not in sync with the Podfile.lock. Run 'pod install' or update your CocoaPods installation.\" >&2\n    exit 1\nfi\n# This output is used by Xcode 'outputs' to avoid re-running this script phase.\necho \"SUCCESS\" > \"${SCRIPT_OUTPUT_FILE_0}\"\n";
			showEnvVarsInLog = 0;
		};
		5C7A0E45366AD464EE815B8E /* [CP] Check Pods Manifest.lock */ = {
			isa = PBXShellScriptBuildPhase;
			buildActionMask = 2147483647;
			files = (
			);
			inputFileListPaths = (
			);
			inputPaths = (
				"${PODS_PODFILE_DIR_PATH}/Podfile.lock",
				"${PODS_ROOT}/Manifest.lock",
			);
			name = "[CP] Check Pods Manifest.lock";
			outputFileListPaths = (
			);
			outputPaths = (
				"$(DERIVED_FILE_DIR)/Pods-GoodFood-GoodFoodUITests-checkManifestLockResult.txt",
			);
			runOnlyForDeploymentPostprocessing = 0;
			shellPath = /bin/sh;
			shellScript = "diff \"${PODS_PODFILE_DIR_PATH}/Podfile.lock\" \"${PODS_ROOT}/Manifest.lock\" > /dev/null\nif [ $? != 0 ] ; then\n    # print error to STDERR\n    echo \"error: The sandbox is not in sync with the Podfile.lock. Run 'pod install' or update your CocoaPods installation.\" >&2\n    exit 1\nfi\n# This output is used by Xcode 'outputs' to avoid re-running this script phase.\necho \"SUCCESS\" > \"${SCRIPT_OUTPUT_FILE_0}\"\n";
			showEnvVarsInLog = 0;
		};
		7E65625AFCDB5E00AE74FB4A /* [CP] Embed Pods Frameworks */ = {
			isa = PBXShellScriptBuildPhase;
			buildActionMask = 2147483647;
			files = (
			);
			inputFileListPaths = (
				"${PODS_ROOT}/Target Support Files/Pods-GoodFood/Pods-GoodFood-frameworks-${CONFIGURATION}-input-files.xcfilelist",
			);
			name = "[CP] Embed Pods Frameworks";
			outputFileListPaths = (
				"${PODS_ROOT}/Target Support Files/Pods-GoodFood/Pods-GoodFood-frameworks-${CONFIGURATION}-output-files.xcfilelist",
			);
			runOnlyForDeploymentPostprocessing = 0;
			shellPath = /bin/sh;
			shellScript = "\"${PODS_ROOT}/Target Support Files/Pods-GoodFood/Pods-GoodFood-frameworks.sh\"\n";
			showEnvVarsInLog = 0;
		};
		919245FCE003C4B3C5653909 /* [CP] Embed Pods Frameworks */ = {
			isa = PBXShellScriptBuildPhase;
			buildActionMask = 2147483647;
			files = (
			);
			inputFileListPaths = (
				"${PODS_ROOT}/Target Support Files/Pods-GoodFood-GoodFoodUITests/Pods-GoodFood-GoodFoodUITests-frameworks-${CONFIGURATION}-input-files.xcfilelist",
			);
			name = "[CP] Embed Pods Frameworks";
			outputFileListPaths = (
				"${PODS_ROOT}/Target Support Files/Pods-GoodFood-GoodFoodUITests/Pods-GoodFood-GoodFoodUITests-frameworks-${CONFIGURATION}-output-files.xcfilelist",
			);
			runOnlyForDeploymentPostprocessing = 0;
			shellPath = /bin/sh;
			shellScript = "\"${PODS_ROOT}/Target Support Files/Pods-GoodFood-GoodFoodUITests/Pods-GoodFood-GoodFoodUITests-frameworks.sh\"\n";
			showEnvVarsInLog = 0;
		};
		F21DC2FB379C3763FFDA03F2 /* [CP] Check Pods Manifest.lock */ = {
			isa = PBXShellScriptBuildPhase;
			buildActionMask = 2147483647;
			files = (
			);
			inputFileListPaths = (
			);
			inputPaths = (
				"${PODS_PODFILE_DIR_PATH}/Podfile.lock",
				"${PODS_ROOT}/Manifest.lock",
			);
			name = "[CP] Check Pods Manifest.lock";
			outputFileListPaths = (
			);
			outputPaths = (
				"$(DERIVED_FILE_DIR)/Pods-GoodFoodTests-checkManifestLockResult.txt",
			);
			runOnlyForDeploymentPostprocessing = 0;
			shellPath = /bin/sh;
			shellScript = "diff \"${PODS_PODFILE_DIR_PATH}/Podfile.lock\" \"${PODS_ROOT}/Manifest.lock\" > /dev/null\nif [ $? != 0 ] ; then\n    # print error to STDERR\n    echo \"error: The sandbox is not in sync with the Podfile.lock. Run 'pod install' or update your CocoaPods installation.\" >&2\n    exit 1\nfi\n# This output is used by Xcode 'outputs' to avoid re-running this script phase.\necho \"SUCCESS\" > \"${SCRIPT_OUTPUT_FILE_0}\"\n";
			showEnvVarsInLog = 0;
		};
/* End PBXShellScriptBuildPhase section */

/* Begin PBXSourcesBuildPhase section */
		601DAD63271F12EE00935800 /* Sources */ = {
			isa = PBXSourcesBuildPhase;
			buildActionMask = 2147483647;
			files = (
				60ECE5D8272D5486006B479A /* RegistrationProtocol.swift in Sources */,
				607A75E027469364007EFD4D /* AuthNetworkManager.swift in Sources */,
				6055D7A5273E9F0400BE4EFB /* PageViewController.swift in Sources */,
				6055D74A273DAEE200BE4EFB /* SortCell.swift in Sources */,
				6055D753273DB40D00BE4EFB /* Menu.swift in Sources */,
				6055D759273DB44A00BE4EFB /* EnterModel.swift in Sources */,
				601DAD6F271F12EE00935800 /* EnterViewController.swift in Sources */,
				60ECE600273067C0006B479A /* GoodFoodCoordinator.swift in Sources */,
				6055D740273D3D0700BE4EFB /* PanelTransition.swift in Sources */,
				60ECE61927380BD1006B479A /* RegisterViewModel.swift in Sources */,
				601DAD6B271F12EE00935800 /* AppDelegate.swift in Sources */,
				601DAD75271F12EE00935800 /* GoodFood.xcdatamodeld in Sources */,
				60ECE602273067CC006B479A /* AuthCoordinator.swift in Sources */,
				60ECE5DE272D56AB006B479A /* MenuViewController.swift in Sources */,
				60ECE609273178B8006B479A /* EnterViewModel.swift in Sources */,
				60ECE61B27380E54006B479A /* RestorePasswordViewModel.swift in Sources */,
				60ECE61F273817BA006B479A /* LikedViewModel.swift in Sources */,
				6055D757273DB43A00BE4EFB /* RegistrationModel.swift in Sources */,
				6055D74F273DB3E700BE4EFB /* ProfileModel.swift in Sources */,
				6055D73E273D3CAC00BE4EFB /* SortViewController.swift in Sources */,
				6055D7A7273EAC1B00BE4EFB /* YourRecipesViewModel.swift in Sources */,
				60ECE5D4272AB672006B479A /* RegisterViewController.swift in Sources */,
				6055D75B273E6FF800BE4EFB /* YourRecipesViewController.swift in Sources */,
				60D3341D2747E4B7007C2462 /* UIViewController + Extension.swift in Sources */,
				60D334172747CF69007C2462 /* AuthErrorCode+Extension.swift in Sources */,
				607A75DE27469330007EFD4D /* AppNetworkManager.swift in Sources */,
				60ECE5F7272EAC94006B479A /* ProfileViewController.swift in Sources */,
				60ECE5E4272E9999006B479A /* MenuCell.swift in Sources */,
				6055D7A9273EAC3D00BE4EFB /* HistoryViewModel.swift in Sources */,
				6055D755273DB42300BE4EFB /* RestorePasswordModel.swift in Sources */,
				60D3341B2747D701007C2462 /* HelperButton.swift in Sources */,
				60ECE621273817CA006B479A /* ProfileViewModel.swift in Sources */,
				6055D74D273DB2E400BE4EFB /* SortViewModel.swift in Sources */,
				60ECE5D6272C18D0006B479A /* RestorePasswordViewController.swift in Sources */,
				60D334192747D464007C2462 /* MainButton.swift in Sources */,
				60D3341F27483C5D007C2462 /* UIImage + init?.swift in Sources */,
				60F6035E27294BDB00B69B4D /* UITextField+Extension.swift in Sources */,
				6055D75D273E700300BE4EFB /* HistoryViewController.swift in Sources */,
				6055D7A3273E9EF600BE4EFB /* ContainerViewController.swift in Sources */,
				60ECE61D2738122F006B479A /* MenuViewModel.swift in Sources */,
				6055D751273DB3F100BE4EFB /* LikedModel.swift in Sources */,
				6055D742273D40A600BE4EFB /* PresentationController.swift in Sources */,
				60ECE5F5272EAC87006B479A /* LikedViewController.swift in Sources */,
				601DAD6D271F12EE00935800 /* SceneDelegate.swift in Sources */,
			);
			runOnlyForDeploymentPostprocessing = 0;
		};
		601DAD7C271F12F300935800 /* Sources */ = {
			isa = PBXSourcesBuildPhase;
			buildActionMask = 2147483647;
			files = (
				601DAD85271F12F400935800 /* GoodFoodTests.swift in Sources */,
			);
			runOnlyForDeploymentPostprocessing = 0;
		};
		601DAD86271F12F400935800 /* Sources */ = {
			isa = PBXSourcesBuildPhase;
			buildActionMask = 2147483647;
			files = (
				601DAD91271F12F400935800 /* GoodFoodUITestsLaunchTests.swift in Sources */,
				601DAD8F271F12F400935800 /* GoodFoodUITests.swift in Sources */,
			);
			runOnlyForDeploymentPostprocessing = 0;
		};
/* End PBXSourcesBuildPhase section */

/* Begin PBXTargetDependency section */
		601DAD82271F12F400935800 /* PBXTargetDependency */ = {
			isa = PBXTargetDependency;
			target = 601DAD66271F12EE00935800 /* GoodFood */;
			targetProxy = 601DAD81271F12F400935800 /* PBXContainerItemProxy */;
		};
		601DAD8C271F12F400935800 /* PBXTargetDependency */ = {
			isa = PBXTargetDependency;
			target = 601DAD66271F12EE00935800 /* GoodFood */;
			targetProxy = 601DAD8B271F12F400935800 /* PBXContainerItemProxy */;
		};
/* End PBXTargetDependency section */

/* Begin PBXVariantGroup section */
		601DAD70271F12EE00935800 /* Main.storyboard */ = {
			isa = PBXVariantGroup;
			children = (
				601DAD71271F12EE00935800 /* Base */,
			);
			name = Main.storyboard;
			sourceTree = "<group>";
		};
		601DAD78271F12F300935800 /* LaunchScreen.storyboard */ = {
			isa = PBXVariantGroup;
			children = (
				601DAD79271F12F300935800 /* Base */,
			);
			name = LaunchScreen.storyboard;
			sourceTree = "<group>";
		};
/* End PBXVariantGroup section */

/* Begin XCBuildConfiguration section */
		601DAD92271F12F400935800 /* Debug */ = {
			isa = XCBuildConfiguration;
			buildSettings = {
				ALWAYS_SEARCH_USER_PATHS = NO;
				CLANG_ANALYZER_NONNULL = YES;
				CLANG_ANALYZER_NUMBER_OBJECT_CONVERSION = YES_AGGRESSIVE;
				CLANG_CXX_LANGUAGE_STANDARD = "gnu++17";
				CLANG_CXX_LIBRARY = "libc++";
				CLANG_ENABLE_MODULES = YES;
				CLANG_ENABLE_OBJC_ARC = YES;
				CLANG_ENABLE_OBJC_WEAK = YES;
				CLANG_WARN_BLOCK_CAPTURE_AUTORELEASING = YES;
				CLANG_WARN_BOOL_CONVERSION = YES;
				CLANG_WARN_COMMA = YES;
				CLANG_WARN_CONSTANT_CONVERSION = YES;
				CLANG_WARN_DEPRECATED_OBJC_IMPLEMENTATIONS = YES;
				CLANG_WARN_DIRECT_OBJC_ISA_USAGE = YES_ERROR;
				CLANG_WARN_DOCUMENTATION_COMMENTS = YES;
				CLANG_WARN_EMPTY_BODY = YES;
				CLANG_WARN_ENUM_CONVERSION = YES;
				CLANG_WARN_INFINITE_RECURSION = YES;
				CLANG_WARN_INT_CONVERSION = YES;
				CLANG_WARN_NON_LITERAL_NULL_CONVERSION = YES;
				CLANG_WARN_OBJC_IMPLICIT_RETAIN_SELF = YES;
				CLANG_WARN_OBJC_LITERAL_CONVERSION = YES;
				CLANG_WARN_OBJC_ROOT_CLASS = YES_ERROR;
				CLANG_WARN_QUOTED_INCLUDE_IN_FRAMEWORK_HEADER = YES;
				CLANG_WARN_RANGE_LOOP_ANALYSIS = YES;
				CLANG_WARN_STRICT_PROTOTYPES = YES;
				CLANG_WARN_SUSPICIOUS_MOVE = YES;
				CLANG_WARN_UNGUARDED_AVAILABILITY = YES_AGGRESSIVE;
				CLANG_WARN_UNREACHABLE_CODE = YES;
				CLANG_WARN__DUPLICATE_METHOD_MATCH = YES;
				COPY_PHASE_STRIP = NO;
				DEBUG_INFORMATION_FORMAT = dwarf;
				ENABLE_STRICT_OBJC_MSGSEND = YES;
				ENABLE_TESTABILITY = YES;
				GCC_C_LANGUAGE_STANDARD = gnu11;
				GCC_DYNAMIC_NO_PIC = NO;
				GCC_NO_COMMON_BLOCKS = YES;
				GCC_OPTIMIZATION_LEVEL = 0;
				GCC_PREPROCESSOR_DEFINITIONS = (
					"DEBUG=1",
					"$(inherited)",
				);
				GCC_WARN_64_TO_32_BIT_CONVERSION = YES;
				GCC_WARN_ABOUT_RETURN_TYPE = YES_ERROR;
				GCC_WARN_UNDECLARED_SELECTOR = YES;
				GCC_WARN_UNINITIALIZED_AUTOS = YES_AGGRESSIVE;
				GCC_WARN_UNUSED_FUNCTION = YES;
				GCC_WARN_UNUSED_VARIABLE = YES;
				IPHONEOS_DEPLOYMENT_TARGET = 15.0;
				MTL_ENABLE_DEBUG_INFO = INCLUDE_SOURCE;
				MTL_FAST_MATH = YES;
				ONLY_ACTIVE_ARCH = YES;
				SDKROOT = iphoneos;
				SWIFT_ACTIVE_COMPILATION_CONDITIONS = DEBUG;
				SWIFT_OPTIMIZATION_LEVEL = "-Onone";
			};
			name = Debug;
		};
		601DAD93271F12F400935800 /* Release */ = {
			isa = XCBuildConfiguration;
			buildSettings = {
				ALWAYS_SEARCH_USER_PATHS = NO;
				CLANG_ANALYZER_NONNULL = YES;
				CLANG_ANALYZER_NUMBER_OBJECT_CONVERSION = YES_AGGRESSIVE;
				CLANG_CXX_LANGUAGE_STANDARD = "gnu++17";
				CLANG_CXX_LIBRARY = "libc++";
				CLANG_ENABLE_MODULES = YES;
				CLANG_ENABLE_OBJC_ARC = YES;
				CLANG_ENABLE_OBJC_WEAK = YES;
				CLANG_WARN_BLOCK_CAPTURE_AUTORELEASING = YES;
				CLANG_WARN_BOOL_CONVERSION = YES;
				CLANG_WARN_COMMA = YES;
				CLANG_WARN_CONSTANT_CONVERSION = YES;
				CLANG_WARN_DEPRECATED_OBJC_IMPLEMENTATIONS = YES;
				CLANG_WARN_DIRECT_OBJC_ISA_USAGE = YES_ERROR;
				CLANG_WARN_DOCUMENTATION_COMMENTS = YES;
				CLANG_WARN_EMPTY_BODY = YES;
				CLANG_WARN_ENUM_CONVERSION = YES;
				CLANG_WARN_INFINITE_RECURSION = YES;
				CLANG_WARN_INT_CONVERSION = YES;
				CLANG_WARN_NON_LITERAL_NULL_CONVERSION = YES;
				CLANG_WARN_OBJC_IMPLICIT_RETAIN_SELF = YES;
				CLANG_WARN_OBJC_LITERAL_CONVERSION = YES;
				CLANG_WARN_OBJC_ROOT_CLASS = YES_ERROR;
				CLANG_WARN_QUOTED_INCLUDE_IN_FRAMEWORK_HEADER = YES;
				CLANG_WARN_RANGE_LOOP_ANALYSIS = YES;
				CLANG_WARN_STRICT_PROTOTYPES = YES;
				CLANG_WARN_SUSPICIOUS_MOVE = YES;
				CLANG_WARN_UNGUARDED_AVAILABILITY = YES_AGGRESSIVE;
				CLANG_WARN_UNREACHABLE_CODE = YES;
				CLANG_WARN__DUPLICATE_METHOD_MATCH = YES;
				COPY_PHASE_STRIP = NO;
				DEBUG_INFORMATION_FORMAT = "dwarf-with-dsym";
				ENABLE_NS_ASSERTIONS = NO;
				ENABLE_STRICT_OBJC_MSGSEND = YES;
				GCC_C_LANGUAGE_STANDARD = gnu11;
				GCC_NO_COMMON_BLOCKS = YES;
				GCC_WARN_64_TO_32_BIT_CONVERSION = YES;
				GCC_WARN_ABOUT_RETURN_TYPE = YES_ERROR;
				GCC_WARN_UNDECLARED_SELECTOR = YES;
				GCC_WARN_UNINITIALIZED_AUTOS = YES_AGGRESSIVE;
				GCC_WARN_UNUSED_FUNCTION = YES;
				GCC_WARN_UNUSED_VARIABLE = YES;
				IPHONEOS_DEPLOYMENT_TARGET = 15.0;
				MTL_ENABLE_DEBUG_INFO = NO;
				MTL_FAST_MATH = YES;
				SDKROOT = iphoneos;
				SWIFT_COMPILATION_MODE = wholemodule;
				SWIFT_OPTIMIZATION_LEVEL = "-O";
				VALIDATE_PRODUCT = YES;
			};
			name = Release;
		};
		601DAD95271F12F400935800 /* Debug */ = {
			isa = XCBuildConfiguration;
			baseConfigurationReference = 15A55B9550DDADA630F366D6 /* Pods-GoodFood.debug.xcconfig */;
			buildSettings = {
				ASSETCATALOG_COMPILER_APPICON_NAME = AppIcon;
				ASSETCATALOG_COMPILER_GLOBAL_ACCENT_COLOR_NAME = AccentColor;
				CODE_SIGN_STYLE = Automatic;
				CURRENT_PROJECT_VERSION = 1;
				DEVELOPMENT_TEAM = PLUM5QCSG5;
				GENERATE_INFOPLIST_FILE = YES;
				INFOPLIST_FILE = /Users/egorskarin/Desktop/Technopark/GoodFood/GoodFood/Application/SupportingFiles/Info.plist;
				INFOPLIST_KEY_UIApplicationSupportsIndirectInputEvents = YES;
				INFOPLIST_KEY_UILaunchStoryboardName = LaunchScreen;
				INFOPLIST_KEY_UIMainStoryboardFile = Main;
				INFOPLIST_KEY_UISupportedInterfaceOrientations_iPad = "UIInterfaceOrientationPortrait UIInterfaceOrientationPortraitUpsideDown UIInterfaceOrientationLandscapeLeft UIInterfaceOrientationLandscapeRight";
				INFOPLIST_KEY_UISupportedInterfaceOrientations_iPhone = "UIInterfaceOrientationPortrait UIInterfaceOrientationLandscapeLeft UIInterfaceOrientationLandscapeRight";
				LD_RUNPATH_SEARCH_PATHS = (
					"$(inherited)",
					"@executable_path/Frameworks",
				);
				MARKETING_VERSION = 1.0;
				PRODUCT_BUNDLE_IDENTIFIER = Grandschtien.GoodFood;
				PRODUCT_NAME = "$(TARGET_NAME)";
				SWIFT_EMIT_LOC_STRINGS = YES;
				SWIFT_VERSION = 5.0;
				TARGETED_DEVICE_FAMILY = "1,2";
			};
			name = Debug;
		};
		601DAD96271F12F400935800 /* Release */ = {
			isa = XCBuildConfiguration;
			baseConfigurationReference = ED876487BD6097F93B95FB7B /* Pods-GoodFood.release.xcconfig */;
			buildSettings = {
				ASSETCATALOG_COMPILER_APPICON_NAME = AppIcon;
				ASSETCATALOG_COMPILER_GLOBAL_ACCENT_COLOR_NAME = AccentColor;
				CODE_SIGN_STYLE = Automatic;
				CURRENT_PROJECT_VERSION = 1;
				DEVELOPMENT_TEAM = PLUM5QCSG5;
				GENERATE_INFOPLIST_FILE = YES;
				INFOPLIST_FILE = /Users/egorskarin/Desktop/Technopark/GoodFood/GoodFood/Application/SupportingFiles/Info.plist;
				INFOPLIST_KEY_UIApplicationSupportsIndirectInputEvents = YES;
				INFOPLIST_KEY_UILaunchStoryboardName = LaunchScreen;
				INFOPLIST_KEY_UIMainStoryboardFile = Main;
				INFOPLIST_KEY_UISupportedInterfaceOrientations_iPad = "UIInterfaceOrientationPortrait UIInterfaceOrientationPortraitUpsideDown UIInterfaceOrientationLandscapeLeft UIInterfaceOrientationLandscapeRight";
				INFOPLIST_KEY_UISupportedInterfaceOrientations_iPhone = "UIInterfaceOrientationPortrait UIInterfaceOrientationLandscapeLeft UIInterfaceOrientationLandscapeRight";
				LD_RUNPATH_SEARCH_PATHS = (
					"$(inherited)",
					"@executable_path/Frameworks",
				);
				MARKETING_VERSION = 1.0;
				PRODUCT_BUNDLE_IDENTIFIER = Grandschtien.GoodFood;
				PRODUCT_NAME = "$(TARGET_NAME)";
				SWIFT_EMIT_LOC_STRINGS = YES;
				SWIFT_VERSION = 5.0;
				TARGETED_DEVICE_FAMILY = "1,2";
			};
			name = Release;
		};
		601DAD98271F12F400935800 /* Debug */ = {
			isa = XCBuildConfiguration;
			baseConfigurationReference = 0827AA00CEABF4FBC524D32F /* Pods-GoodFoodTests.debug.xcconfig */;
			buildSettings = {
				ALWAYS_EMBED_SWIFT_STANDARD_LIBRARIES = YES;
				BUNDLE_LOADER = "$(TEST_HOST)";
				CODE_SIGN_STYLE = Automatic;
				CURRENT_PROJECT_VERSION = 1;
				DEVELOPMENT_TEAM = PLUM5QCSG5;
				GENERATE_INFOPLIST_FILE = YES;
				IPHONEOS_DEPLOYMENT_TARGET = 15.0;
				LD_RUNPATH_SEARCH_PATHS = (
					"$(inherited)",
					"@executable_path/Frameworks",
					"@loader_path/Frameworks",
				);
				MARKETING_VERSION = 1.0;
				PRODUCT_BUNDLE_IDENTIFIER = Grandschtien.GoodFoodTests;
				PRODUCT_NAME = "$(TARGET_NAME)";
				SWIFT_EMIT_LOC_STRINGS = NO;
				SWIFT_VERSION = 5.0;
				TARGETED_DEVICE_FAMILY = "1,2";
				TEST_HOST = "$(BUILT_PRODUCTS_DIR)/GoodFood.app/GoodFood";
			};
			name = Debug;
		};
		601DAD99271F12F400935800 /* Release */ = {
			isa = XCBuildConfiguration;
			baseConfigurationReference = C4A891CAAC62AC12BB23BDAD /* Pods-GoodFoodTests.release.xcconfig */;
			buildSettings = {
				ALWAYS_EMBED_SWIFT_STANDARD_LIBRARIES = YES;
				BUNDLE_LOADER = "$(TEST_HOST)";
				CODE_SIGN_STYLE = Automatic;
				CURRENT_PROJECT_VERSION = 1;
				DEVELOPMENT_TEAM = PLUM5QCSG5;
				GENERATE_INFOPLIST_FILE = YES;
				IPHONEOS_DEPLOYMENT_TARGET = 15.0;
				LD_RUNPATH_SEARCH_PATHS = (
					"$(inherited)",
					"@executable_path/Frameworks",
					"@loader_path/Frameworks",
				);
				MARKETING_VERSION = 1.0;
				PRODUCT_BUNDLE_IDENTIFIER = Grandschtien.GoodFoodTests;
				PRODUCT_NAME = "$(TARGET_NAME)";
				SWIFT_EMIT_LOC_STRINGS = NO;
				SWIFT_VERSION = 5.0;
				TARGETED_DEVICE_FAMILY = "1,2";
				TEST_HOST = "$(BUILT_PRODUCTS_DIR)/GoodFood.app/GoodFood";
			};
			name = Release;
		};
		601DAD9B271F12F400935800 /* Debug */ = {
			isa = XCBuildConfiguration;
			baseConfigurationReference = 2B1A3DC8EBB69219AF715281 /* Pods-GoodFood-GoodFoodUITests.debug.xcconfig */;
			buildSettings = {
				ALWAYS_EMBED_SWIFT_STANDARD_LIBRARIES = YES;
				CODE_SIGN_STYLE = Automatic;
				CURRENT_PROJECT_VERSION = 1;
				DEVELOPMENT_TEAM = PLUM5QCSG5;
				GENERATE_INFOPLIST_FILE = YES;
				LD_RUNPATH_SEARCH_PATHS = (
					"$(inherited)",
					"@executable_path/Frameworks",
					"@loader_path/Frameworks",
				);
				MARKETING_VERSION = 1.0;
				PRODUCT_BUNDLE_IDENTIFIER = Grandschtien.GoodFoodUITests;
				PRODUCT_NAME = "$(TARGET_NAME)";
				SWIFT_EMIT_LOC_STRINGS = NO;
				SWIFT_VERSION = 5.0;
				TARGETED_DEVICE_FAMILY = "1,2";
				TEST_TARGET_NAME = GoodFood;
			};
			name = Debug;
		};
		601DAD9C271F12F400935800 /* Release */ = {
			isa = XCBuildConfiguration;
			baseConfigurationReference = 610DC6D0127F8147AA3DF746 /* Pods-GoodFood-GoodFoodUITests.release.xcconfig */;
			buildSettings = {
				ALWAYS_EMBED_SWIFT_STANDARD_LIBRARIES = YES;
				CODE_SIGN_STYLE = Automatic;
				CURRENT_PROJECT_VERSION = 1;
				DEVELOPMENT_TEAM = PLUM5QCSG5;
				GENERATE_INFOPLIST_FILE = YES;
				LD_RUNPATH_SEARCH_PATHS = (
					"$(inherited)",
					"@executable_path/Frameworks",
					"@loader_path/Frameworks",
				);
				MARKETING_VERSION = 1.0;
				PRODUCT_BUNDLE_IDENTIFIER = Grandschtien.GoodFoodUITests;
				PRODUCT_NAME = "$(TARGET_NAME)";
				SWIFT_EMIT_LOC_STRINGS = NO;
				SWIFT_VERSION = 5.0;
				TARGETED_DEVICE_FAMILY = "1,2";
				TEST_TARGET_NAME = GoodFood;
			};
			name = Release;
		};
/* End XCBuildConfiguration section */

/* Begin XCConfigurationList section */
		601DAD62271F12EE00935800 /* Build configuration list for PBXProject "GoodFood" */ = {
			isa = XCConfigurationList;
			buildConfigurations = (
				601DAD92271F12F400935800 /* Debug */,
				601DAD93271F12F400935800 /* Release */,
			);
			defaultConfigurationIsVisible = 0;
			defaultConfigurationName = Release;
		};
		601DAD94271F12F400935800 /* Build configuration list for PBXNativeTarget "GoodFood" */ = {
			isa = XCConfigurationList;
			buildConfigurations = (
				601DAD95271F12F400935800 /* Debug */,
				601DAD96271F12F400935800 /* Release */,
			);
			defaultConfigurationIsVisible = 0;
			defaultConfigurationName = Release;
		};
		601DAD97271F12F400935800 /* Build configuration list for PBXNativeTarget "GoodFoodTests" */ = {
			isa = XCConfigurationList;
			buildConfigurations = (
				601DAD98271F12F400935800 /* Debug */,
				601DAD99271F12F400935800 /* Release */,
			);
			defaultConfigurationIsVisible = 0;
			defaultConfigurationName = Release;
		};
		601DAD9A271F12F400935800 /* Build configuration list for PBXNativeTarget "GoodFoodUITests" */ = {
			isa = XCConfigurationList;
			buildConfigurations = (
				601DAD9B271F12F400935800 /* Debug */,
				601DAD9C271F12F400935800 /* Release */,
			);
			defaultConfigurationIsVisible = 0;
			defaultConfigurationName = Release;
		};
/* End XCConfigurationList section */

/* Begin XCVersionGroup section */
		601DAD73271F12EE00935800 /* GoodFood.xcdatamodeld */ = {
			isa = XCVersionGroup;
			children = (
				601DAD74271F12EE00935800 /* GoodFood.xcdatamodel */,
			);
			currentVersion = 601DAD74271F12EE00935800 /* GoodFood.xcdatamodel */;
			path = GoodFood.xcdatamodeld;
			sourceTree = "<group>";
			versionGroupType = wrapper.xcdatamodel;
		};
/* End XCVersionGroup section */
	};
	rootObject = 601DAD5F271F12EE00935800 /* Project object */;
}
